
Microsoft Visual Studio Solution File, Format Version 12.00
# Visual Studio Version 17
VisualStudioVersion = 17.14.36811.4
MinimumVisualStudioVersion = 10.0.40219.1
Project("{FAE04EC0-301F-11D3-BF4B-00C04F79EFBC}") = "Eccomerce-Web", "Eccomerce-Web\Eccomerce-Web.csproj", "{3AFFBEFC-856C-47A4-A2BF-96AF0756AFA0}"
EndProject
Global
	GlobalSection(SolutionConfigurationPlatforms) = preSolution
		Debug|Any CPU = Debug|Any CPU
		Release|Any CPU = Release|Any CPU
	EndGlobalSection
	GlobalSection(ProjectConfigurationPlatforms) = postSolution
		{3AFFBEFC-856C-47A4-A2BF-96AF0756AFA0}.Debug|Any CPU.ActiveCfg = Debug|Any CPU
		{3AFFBEFC-856C-47A4-A2BF-96AF0756AFA0}.Debug|Any CPU.Build.0 = Debug|Any CPU
		{3AFFBEFC-856C-47A4-A2BF-96AF0756AFA0}.Release|Any CPU.ActiveCfg = Release|Any CPU
		{3AFFBEFC-856C-47A4-A2BF-96AF0756AFA0}.Release|Any CPU.Build.0 = Release|Any CPU
	EndGlobalSection
	GlobalSection(SolutionProperties) = preSolution
		HideSolutionNode = FALSE
	EndGlobalSection
	GlobalSection(ExtensibilityGlobals) = postSolution
		SolutionGuid = {A5821FCE-E6BC-4429-96FF-EBF4D5BA1973}
	EndGlobalSection
EndGlobal
